
Microsoft Visual Studio Solution File, Format Version 12.00
# Visual Studio Version 17
VisualStudioVersion = 17.14.36518.9 d17.14
MinimumVisualStudioVersion = 10.0.40219.1
Project("{FAE04EC0-301F-11D3-BF4B-00C04F79EFBC}") = "Drashyam.API", "Drashyam.API\Drashyam.API.csproj", "{A1473510-B2FC-ABDD-1733-F9BEBDE10932}"
EndProject
Global
	GlobalSection(SolutionConfigurationPlatforms) = preSolution
		Debug|Any CPU = Debug|Any CPU
		Release|Any CPU = Release|Any CPU
	EndGlobalSection
	GlobalSection(ProjectConfigurationPlatforms) = postSolution
		{A1473510-B2FC-ABDD-1733-F9BEBDE10932}.Debug|Any CPU.ActiveCfg = Debug|Any CPU
		{A1473510-B2FC-ABDD-1733-F9BEBDE10932}.Debug|Any CPU.Build.0 = Debug|Any CPU
		{A1473510-B2FC-ABDD-1733-F9BEBDE10932}.Release|Any CPU.ActiveCfg = Release|Any CPU
		{A1473510-B2FC-ABDD-1733-F9BEBDE10932}.Release|Any CPU.Build.0 = Release|Any CPU
	EndGlobalSection
	GlobalSection(SolutionProperties) = preSolution
		HideSolutionNode = FALSE
	EndGlobalSection
	GlobalSection(ExtensibilityGlobals) = postSolution
		SolutionGuid = {44B9D991-1A6E-4F3C-A72D-EE01F7D1BB2D}
	EndGlobalSection
EndGlobal
